{
  "version": "5",
  "redirects": {
    "https://esm.sh/@supabase/supabase-js@2": "https://esm.sh/@supabase/supabase-js@2.95.3",
    "https://esm.sh/iceberg-js@^0.8.1?target=denonext": "https://esm.sh/iceberg-js@0.8.1?target=denonext"
  },
  "remote": {
    "https://esm.sh/@supabase/auth-js@2.95.3/denonext/auth-js.mjs": "a5ee87d057b726277d545b9df8d17083e098a3f88957a39a734a6173de98df92",
    "https://esm.sh/@supabase/functions-js@2.95.3/denonext/functions-js.mjs": "65c505a80e2859dd8ccfa11b179bc51ac68f914fdd13b56294a1f7b70786638a",
    "https://esm.sh/@supabase/postgrest-js@2.95.3/denonext/postgrest-js.mjs": "e4b718b139ab55c7b6d6efe57051d2e9d660f6815316fbeda59a485e94a7c360",
    "https://esm.sh/@supabase/realtime-js@2.95.3/denonext/realtime-js.mjs": "51bd35a5d48b0048aed9a3ab5b1d07e6c690873d8aa11a9b624bb7cedfd14260",
    "https://esm.sh/@supabase/storage-js@2.95.3/denonext/storage-js.mjs": "2927fc6f888bb67a7d319f46d5a9fb6921da0cd8fdcca22b41ed6b0aa183308e",
    "https://esm.sh/@supabase/supabase-js@2.95.3": "1f2684e4be12043f36ea7decd22a2ba0c3367cf6c474b99a051f1e7148e88176",
    "https://esm.sh/@supabase/supabase-js@2.95.3/denonext/supabase-js.mjs": "7d64abffcc66aaf1b83bc3a7cf60229aa4bc69fbcc703884150707edd4f5332e",
    "https://esm.sh/iceberg-js@0.8.1/denonext/iceberg-js.mjs": "d839d81a2e3966500ca2cdd0c1cb458e9608bacfc91f7bb67a69b2e878dcdb4f",
    "https://esm.sh/iceberg-js@0.8.1?target=denonext": "58c849d7fe2bf4eca4a84eb501e83c161a7d8c34ca1bec15a962b3bec3062633",
    "https://esm.sh/tslib@2.8.1/denonext/tslib.mjs": "c38da5dd6da6281964435002ce204cd586634fe3bdfb24a0ee116f48cf3292e9",
    "https://esm.sh/zod@3.25.76": "3fb2d6fc9ba6facc140a9875710339f90e89befb26fd9b39da83644d4dd6a701",
    "https://esm.sh/zod@3.25.76/denonext/v3/ZodError.mjs": "7cb18052dad1b35a84cb7a3c1dc825e455f6c3fec0d89c4c4cc4059120042e30",
    "https://esm.sh/zod@3.25.76/denonext/v3/errors.mjs": "9a89b379ac5877d8c0bf4d14d6535ec5e6ab3afb526922acdc61299bac97790c",
    "https://esm.sh/zod@3.25.76/denonext/v3/external.mjs": "21935d798cd2c0c9709cabf9abfb0ed16b884a354beeaa214bfbe5f536267dcf",
    "https://esm.sh/zod@3.25.76/denonext/v3/helpers/util.mjs": "06f7d99705d93b009c1929407b1636e9c78fa69069f89361ceb3998e3b78b053",
    "https://esm.sh/zod@3.25.76/denonext/v3/locales/en.mjs": "6562956f1dd23d6a2d98b44b9e8116835a9fa6a7ec9cedd7f1d48d9e9dd1a7a0",
    "https://esm.sh/zod@3.25.76/denonext/zod.mjs": "c5134912da19c386fa022c7c5be6a68ef4c8679e42f435324208ef6e76a64161"
  },
  "workspace": {
    "packageJson": {
      "dependencies": [
        "npm:@eslint/js@^10.0.1",
        "npm:@hookform/resolvers@^3.10.0",
        "npm:@radix-ui/react-slot@^1.2.4",
        "npm:@supabase/supabase-js@^2.106.1",
        "npm:@tailwindcss/typography@~0.5.19",
        "npm:@testing-library/dom@^10.4.1",
        "npm:@testing-library/jest-dom@^6.9.1",
        "npm:@testing-library/react@^16.3.2",
        "npm:@testing-library/user-event@^14.6.1",
        "npm:@types/node@^24.12.3",
        "npm:@types/react-dom@^19.2.3",
        "npm:@types/react@^19.2.14",
        "npm:@vitejs/plugin-react@^6.0.1",
        "npm:@vitest/coverage-v8@^3.2.4",
        "npm:autoprefixer@^10.5.0",
        "npm:class-variance-authority@~0.7.1",
        "npm:clsx@^2.1.1",
        "npm:eslint-plugin-react-hooks@^7.1.1",
        "npm:eslint-plugin-react-refresh@~0.5.2",
        "npm:eslint@^10.3.0",
        "npm:globals@^17.6.0",
        "npm:jsdom@^25.0.1",
        "npm:lucide-react@^1.16.0",
        "npm:postcss@^8.5.15",
        "npm:react-dom@^19.2.6",
        "npm:react-hook-form@^7.76.0",
        "npm:react-markdown@^10.1.0",
        "npm:react-router-dom@^7.15.1",
        "npm:react@^19.2.6",
        "npm:rehype-sanitize@6",
        "npm:sonner@^2.0.7",
        "npm:tailwind-merge@^3.6.0",
        "npm:tailwindcss-animate@^1.0.7",
        "npm:tailwindcss@^3.4.19",
        "npm:typescript-eslint@^8.59.2",
        "npm:typescript@~6.0.2",
        "npm:vite@^8.0.12",
        "npm:vitest@^3.2.4",
        "npm:zod@^3.25.76",
        "npm:zustand@^5.0.13"
      ]
    }
  }
}
